
Microsoft Visual Studio Solution File, Format Version 12.00
Project("{FAE04EC0-301F-11D3-BF4B-00C04F79EFBC}") = "Frostbyte.App", "src\Frostbyte.App\Frostbyte.App.csproj", "{6A13036F-DFEB-40A1-B20E-12E63A4A8E51}"
EndProject
Project("{FAE04EC0-301F-11D3-BF4B-00C04F79EFBC}") = "Frostbyte.Auth", "src\Frostbyte.Auth\Frostbyte.Auth.csproj", "{A54D3A7A-9A84-427E-AF0A-6F5A00BB1E90}"
EndProject
Project("{FAE04EC0-301F-11D3-BF4B-00C04F79EFBC}") = "Frostbyte.Calendar", "src\Frostbyte.Calendar\Frostbyte.Calendar.csproj", "{20FF31BB-3F09-4C64-8F2E-0EFA07127AFF}"
EndProject
Project("{FAE04EC0-301F-11D3-BF4B-00C04F79EFBC}") = "Frostbyte.Editor", "src\Frostbyte.Editor\Frostbyte.Editor.csproj", "{102D95BA-656A-4E69-B4CF-6269A3A3523B}"
EndProject
Project("{FAE04EC0-301F-11D3-BF4B-00C04F79EFBC}") = "Frostbyte.Git", "src\Frostbyte.Git\Frostbyte.Git.csproj", "{9006D807-B041-454E-8DFD-91D90BFD3851}"
EndProject
Project("{FAE04EC0-301F-11D3-BF4B-00C04F79EFBC}") = "Frostbyte.Plugins.Abstractions", "src\Frostbyte.Plugins.Abstractions\Frostbyte.Plugins.Abstractions.csproj", "{5D58BA1F-EEC5-4FEA-AA68-2D7BD79B1116}"
EndProject
Project("{FAE04EC0-301F-11D3-BF4B-00C04F79EFBC}") = "Frostbyte.Puzzles", "src\Frostbyte.Puzzles\Frostbyte.Puzzles.csproj", "{135A4A08-E983-402E-B209-12642419707B}"
EndProject
Project("{2150E333-8FDC-42A3-9474-1A3956D46DE8}") = "src", "src", "{906D4F16-57F6-4021-9F40-71125C5F29BF}"
EndProject
Project("{2150E333-8FDC-42A3-9474-1A3956D46DE8}") = "tests", "tests", "{BFC5D421-4B4B-4AEE-B44B-220A5F62A70B}"
EndProject
Project("{FAE04EC0-301F-11D3-BF4B-00C04F79EFBC}") = "Frostbyte.Tests.Integration", "tests\Frostbyte.Tests.Integration\Frostbyte.Tests.Integration.csproj", "{9B1D817D-EBAD-45A6-9E7D-2F41F8193C04}"
EndProject
Project("{FAE04EC0-301F-11D3-BF4B-00C04F79EFBC}") = "Frostbyte.Tests.Specs", "tests\Frostbyte.Tests.Specs\Frostbyte.Tests.Specs.csproj", "{496E6315-2582-44E6-B592-C03F6F1F183F}"
EndProject
Project("{FAE04EC0-301F-11D3-BF4B-00C04F79EFBC}") = "Frostbyte.Tests.Unit", "tests\Frostbyte.Tests.Unit\Frostbyte.Tests.Unit.csproj", "{80E9CD54-A89E-47D0-A3E9-3932E5048EE1}"
EndProject
Project("{2150E333-8FDC-42A3-9474-1A3956D46DE8}") = "solution items", "solution items", "{1AAB22EE-7EAF-466A-ABA4-57DCADA59EB2}"
	ProjectSection(SolutionItems) = preProject
		.gitignore = .gitignore
	EndProjectSection
EndProject
Global
	GlobalSection(SolutionConfigurationPlatforms) = preSolution
		Debug|Any CPU = Debug|Any CPU
		Release|Any CPU = Release|Any CPU
	EndGlobalSection
	GlobalSection(ProjectConfigurationPlatforms) = postSolution
		{6A13036F-DFEB-40A1-B20E-12E63A4A8E51}.Debug|Any CPU.ActiveCfg = Debug|Any CPU
		{6A13036F-DFEB-40A1-B20E-12E63A4A8E51}.Debug|Any CPU.Build.0 = Debug|Any CPU
		{6A13036F-DFEB-40A1-B20E-12E63A4A8E51}.Release|Any CPU.ActiveCfg = Release|Any CPU
		{6A13036F-DFEB-40A1-B20E-12E63A4A8E51}.Release|Any CPU.Build.0 = Release|Any CPU
		{A54D3A7A-9A84-427E-AF0A-6F5A00BB1E90}.Debug|Any CPU.ActiveCfg = Debug|Any CPU
		{A54D3A7A-9A84-427E-AF0A-6F5A00BB1E90}.Debug|Any CPU.Build.0 = Debug|Any CPU
		{A54D3A7A-9A84-427E-AF0A-6F5A00BB1E90}.Release|Any CPU.ActiveCfg = Release|Any CPU
		{A54D3A7A-9A84-427E-AF0A-6F5A00BB1E90}.Release|Any CPU.Build.0 = Release|Any CPU
		{20FF31BB-3F09-4C64-8F2E-0EFA07127AFF}.Debug|Any CPU.ActiveCfg = Debug|Any CPU
		{20FF31BB-3F09-4C64-8F2E-0EFA07127AFF}.Debug|Any CPU.Build.0 = Debug|Any CPU
		{20FF31BB-3F09-4C64-8F2E-0EFA07127AFF}.Release|Any CPU.ActiveCfg = Release|Any CPU
		{20FF31BB-3F09-4C64-8F2E-0EFA07127AFF}.Release|Any CPU.Build.0 = Release|Any CPU
		{102D95BA-656A-4E69-B4CF-6269A3A3523B}.Debug|Any CPU.ActiveCfg = Debug|Any CPU
		{102D95BA-656A-4E69-B4CF-6269A3A3523B}.Debug|Any CPU.Build.0 = Debug|Any CPU
		{102D95BA-656A-4E69-B4CF-6269A3A3523B}.Release|Any CPU.ActiveCfg = Release|Any CPU
		{102D95BA-656A-4E69-B4CF-6269A3A3523B}.Release|Any CPU.Build.0 = Release|Any CPU
		{9006D807-B041-454E-8DFD-91D90BFD3851}.Debug|Any CPU.ActiveCfg = Debug|Any CPU
		{9006D807-B041-454E-8DFD-91D90BFD3851}.Debug|Any CPU.Build.0 = Debug|Any CPU
		{9006D807-B041-454E-8DFD-91D90BFD3851}.Release|Any CPU.ActiveCfg = Release|Any CPU
		{9006D807-B041-454E-8DFD-91D90BFD3851}.Release|Any CPU.Build.0 = Release|Any CPU
		{5D58BA1F-EEC5-4FEA-AA68-2D7BD79B1116}.Debug|Any CPU.ActiveCfg = Debug|Any CPU
		{5D58BA1F-EEC5-4FEA-AA68-2D7BD79B1116}.Debug|Any CPU.Build.0 = Debug|Any CPU
		{5D58BA1F-EEC5-4FEA-AA68-2D7BD79B1116}.Release|Any CPU.ActiveCfg = Release|Any CPU
		{5D58BA1F-EEC5-4FEA-AA68-2D7BD79B1116}.Release|Any CPU.Build.0 = Release|Any CPU
		{135A4A08-E983-402E-B209-12642419707B}.Debug|Any CPU.ActiveCfg = Debug|Any CPU
		{135A4A08-E983-402E-B209-12642419707B}.Debug|Any CPU.Build.0 = Debug|Any CPU
		{135A4A08-E983-402E-B209-12642419707B}.Release|Any CPU.ActiveCfg = Release|Any CPU
		{135A4A08-E983-402E-B209-12642419707B}.Release|Any CPU.Build.0 = Release|Any CPU
		{9B1D817D-EBAD-45A6-9E7D-2F41F8193C04}.Debug|Any CPU.ActiveCfg = Debug|Any CPU
		{9B1D817D-EBAD-45A6-9E7D-2F41F8193C04}.Debug|Any CPU.Build.0 = Debug|Any CPU
		{9B1D817D-EBAD-45A6-9E7D-2F41F8193C04}.Release|Any CPU.ActiveCfg = Release|Any CPU
		{9B1D817D-EBAD-45A6-9E7D-2F41F8193C04}.Release|Any CPU.Build.0 = Release|Any CPU
		{496E6315-2582-44E6-B592-C03F6F1F183F}.Debug|Any CPU.ActiveCfg = Debug|Any CPU
		{496E6315-2582-44E6-B592-C03F6F1F183F}.Debug|Any CPU.Build.0 = Debug|Any CPU
		{496E6315-2582-44E6-B592-C03F6F1F183F}.Release|Any CPU.ActiveCfg = Release|Any CPU
		{496E6315-2582-44E6-B592-C03F6F1F183F}.Release|Any CPU.Build.0 = Release|Any CPU
		{80E9CD54-A89E-47D0-A3E9-3932E5048EE1}.Debug|Any CPU.ActiveCfg = Debug|Any CPU
		{80E9CD54-A89E-47D0-A3E9-3932E5048EE1}.Debug|Any CPU.Build.0 = Debug|Any CPU
		{80E9CD54-A89E-47D0-A3E9-3932E5048EE1}.Release|Any CPU.ActiveCfg = Release|Any CPU
		{80E9CD54-A89E-47D0-A3E9-3932E5048EE1}.Release|Any CPU.Build.0 = Release|Any CPU
	EndGlobalSection
	GlobalSection(NestedProjects) = preSolution
		{6A13036F-DFEB-40A1-B20E-12E63A4A8E51} = {906D4F16-57F6-4021-9F40-71125C5F29BF}
		{A54D3A7A-9A84-427E-AF0A-6F5A00BB1E90} = {906D4F16-57F6-4021-9F40-71125C5F29BF}
		{20FF31BB-3F09-4C64-8F2E-0EFA07127AFF} = {906D4F16-57F6-4021-9F40-71125C5F29BF}
		{102D95BA-656A-4E69-B4CF-6269A3A3523B} = {906D4F16-57F6-4021-9F40-71125C5F29BF}
		{9006D807-B041-454E-8DFD-91D90BFD3851} = {906D4F16-57F6-4021-9F40-71125C5F29BF}
		{5D58BA1F-EEC5-4FEA-AA68-2D7BD79B1116} = {906D4F16-57F6-4021-9F40-71125C5F29BF}
		{135A4A08-E983-402E-B209-12642419707B} = {906D4F16-57F6-4021-9F40-71125C5F29BF}
		{9B1D817D-EBAD-45A6-9E7D-2F41F8193C04} = {BFC5D421-4B4B-4AEE-B44B-220A5F62A70B}
		{496E6315-2582-44E6-B592-C03F6F1F183F} = {BFC5D421-4B4B-4AEE-B44B-220A5F62A70B}
		{80E9CD54-A89E-47D0-A3E9-3932E5048EE1} = {BFC5D421-4B4B-4AEE-B44B-220A5F62A70B}
	EndGlobalSection
EndGlobal
